<?xml version="1.0" encoding="utf-8"?>
<Project ToolsVersion="4.0" xmlns="http://schemas.microsoft.com/developer/msbuild/2003">
  <ItemGroup>
    <Filter Include="Source Files">
      <UniqueIdentifier>{4FC737F1-C7A5-4376-A066-2A32D752A2FF}</UniqueIdentifier>
      <Extensions>cpp;c;cc;cxx;def;odl;idl;hpj;bat;asm;asmx</Extensions>
    </Filter>
    <Filter Include="Header Files">
      <UniqueIdentifier>{93995380-89BD-4b04-88EB-625FBE52EBFB}</UniqueIdentifier>
      <Extensions>h;hh;hpp;hxx;hm;inl;inc;xsd</Extensions>
    </Filter>
    <Filter Include="Resource Files">
      <UniqueIdentifier>{67DA6AB6-F800-4c08-8B7A-83BB121AAD01}</UniqueIdentifier>
      <Extensions>rc;ico;cur;bmp;dlg;rc2;rct;bin;rgs;gif;jpg;jpeg;jpe;resx;tiff;tif;png;wav;mfcribbon-ms</Extensions>
    </Filter>
  </ItemGroup>
  <ItemGroup>
    <ClInclude Include="ArraySlice.hxx">
      <Filter>Header Files</Filter>
    </ClInclude>
    <ClInclude Include="AutomatonParser.h">
      <Filter>Header Files</Filter>
    </ClInclude>
    <ClInclude Include="DFAutomaton.h">
      <Filter>Header Files</Filter>
    </ClInclude>
    <ClInclude Include="DFAutomaton.hxx">
      <Filter>Header Files</Filter>
    </ClInclude>
    <ClInclude Include="ENFAutomaton.h">
      <Filter>Header Files</Filter>
    </ClInclude>
    <ClInclude Include="ENFAutomaton.hxx">
      <Filter>Header Files</Filter>
    </ClInclude>
    <ClInclude Include="HashExtensions.h">
      <Filter>Header Files</Filter>
    </ClInclude>
    <ClInclude Include="IAutomaton.h">
      <Filter>Header Files</Filter>
    </ClInclude>
    <ClInclude Include="IFunction.h">
      <Filter>Header Files</Filter>
    </ClInclude>
    <ClInclude Include="LambdaFunction.h">
      <Filter>Header Files</Filter>
    </ClInclude>
    <ClInclude Include="LinearSet.h">
      <Filter>Header Files</Filter>
    </ClInclude>
    <ClInclude Include="LinearSet.hxx">
      <Filter>Header Files</Filter>
    </ClInclude>
    <ClInclude Include="NFAutomaton.h">
      <Filter>Header Files</Filter>
    </ClInclude>
    <ClInclude Include="NFAutomaton.hxx">
      <Filter>Header Files</Filter>
    </ClInclude>
    <ClInclude Include="Optional.h">
      <Filter>Header Files</Filter>
    </ClInclude>
    <ClInclude Include="Optional.hxx">
      <Filter>Header Files</Filter>
    </ClInclude>
    <ClInclude Include="TransitionTable.h">
      <Filter>Header Files</Filter>
    </ClInclude>
    <ClInclude Include="TransitionTable.hxx">
      <Filter>Header Files</Filter>
    </ClInclude>
    <ClInclude Include="ArraySlice.h">
      <Filter>Header Files</Filter>
    </ClInclude>
    <ClInclude Include="AutomatonDotPrinter.h">
      <Filter>Header Files</Filter>
    </ClInclude>
    <ClInclude Include="LiteralRegex.h">
      <Filter>Header Files</Filter>
    </ClInclude>
    <ClInclude Include="RegexState.h">
      <Filter>Header Files</Filter>
    </ClInclude>
    <ClInclude Include="IRegex.h">
      <Filter>Header Files</Filter>
    </ClInclude>
    <ClInclude Include="EpsilonRegex.h">
      <Filter>Header Files</Filter>
    </ClInclude>
    <ClInclude Include="PhiRegex.h">
      <Filter>Header Files</Filter>
    </ClInclude>
    <ClInclude Include="UnionRegex.h">
      <Filter>Header Files</Filter>
    </ClInclude>
    <ClInclude Include="ConcatRegex.h">
      <Filter>Header Files</Filter>
    </ClInclude>
    <ClInclude Include="ClosureRegex.h">
      <Filter>Header Files</Filter>
    </ClInclude>
    <ClInclude Include="RegexParser.h">
      <Filter>Header Files</Filter>
    </ClInclude>
    <ClInclude Include="Interop.h">
      <Filter>Header Files</Filter>
    </ClInclude>
  </ItemGroup>
  <ItemGroup>
    <ClCompile Include="AutomatonParser.cpp">
      <Filter>Source Files</Filter>
    </ClCompile>
    <ClCompile Include="AutomatonDotPrinter.cpp">
      <Filter>Source Files</Filter>
    </ClCompile>
    <ClCompile Include="RegexState.cpp">
      <Filter>Source Files</Filter>
    </ClCompile>
    <ClCompile Include="LiteralRegex.cpp">
      <Filter>Source Files</Filter>
    </ClCompile>
    <ClCompile Include="EpsilonRegex.cpp">
      <Filter>Source Files</Filter>
    </ClCompile>
    <ClCompile Include="PhiRegex.cpp">
      <Filter>Source Files</Filter>
    </ClCompile>
    <ClCompile Include="UnionRegex.cpp">
      <Filter>Source Files</Filter>
    </ClCompile>
    <ClCompile Include="ConcatRegex.cpp">
      <Filter>Source Files</Filter>
    </ClCompile>
    <ClCompile Include="ClosureRegex.cpp">
      <Filter>Source Files</Filter>
    </ClCompile>
    <ClCompile Include="RegexParser.cpp">
      <Filter>Source Files</Filter>
    </ClCompile>
    <ClCompile Include="DFAtoRE.cpp">
      <Filter>Source Files</Filter>
    </ClCompile>
    <ClCompile Include="Interop.cpp">
      <Filter>Source Files</Filter>
    </ClCompile>
  </ItemGroup>
</Project>